# THIS IS AN AUTOGENERATED FILE. DO NOT EDIT THIS FILE DIRECTLY.
# yarn lockfile v1


assertion-error@1.0.0:
  version "1.0.0"
  resolved "http://npm-registry.qunhequnhe.com/assertion-error/download/assertion-error-1.0.0.tgz#c7f85438fdd466bc7ca16ab90c81513797a5d23b"

chai@~1.8.0:
  version "1.8.1"
  resolved "http://npm-registry.qunhequnhe.com/chai/download/chai-1.8.1.tgz#cc77866d5e7ebca2bd75144b1edc370a88785f72"
  dependencies:
    assertion-error "1.0.0"
    deep-eql "0.1.3"

commander@0.6.1:
  version "0.6.1"
  resolved "http://npm-registry.qunhequnhe.com/commander/download/commander-0.6.1.tgz#fa68a14f6a945d54dbbe50d8cdb3320e9e3b1a06"

commander@2.3.0:
  version "2.3.0"
  resolved "http://npm-registry.qunhequnhe.com/commander/download/commander-2.3.0.tgz#fd430e889832ec353b9acd1de217c11cb3eef873"

debug@2.0.0:
  version "2.0.0"
  resolved "http://npm-registry.qunhequnhe.com/debug/download/debug-2.0.0.tgz#89bd9df6732b51256bc6705342bba02ed12131ef"
  dependencies:
    ms "0.6.2"

deep-eql@0.1.3:
  version "0.1.3"
  resolved "http://npm-registry.qunhequnhe.com/deep-eql/download/deep-eql-0.1.3.tgz#ef558acab8de25206cd713906d74e56930eb69f2"
  dependencies:
    type-detect "0.1.1"

diff@1.0.8:
  version "1.0.8"
  resolved "http://npm-registry.qunhequnhe.com/diff/download/diff-1.0.8.tgz#343276308ec991b7bc82267ed55bc1411f971666"

escape-string-regexp@1.0.2:
  version "1.0.2"
  resolved "http://npm-registry.qunhequnhe.com/escape-string-regexp/download/escape-string-regexp-1.0.2.tgz#4dbc2fe674e71949caf3fb2695ce7f2dc1d9a8d1"

glob@3.2.3:
  version "3.2.3"
  resolved "http://npm-registry.qunhequnhe.com/glob/download/glob-3.2.3.tgz#e313eeb249c7affaa5c475286b0e115b59839467"
  dependencies:
    graceful-fs "~2.0.0"
    inherits "2"
    minimatch "~0.2.11"

graceful-fs@~2.0.0:
  version "2.0.3"
  resolved "http://npm-registry.qunhequnhe.com/graceful-fs/download/graceful-fs-2.0.3.tgz#7cd2cdb228a4a3f36e95efa6cc142de7d1a136d0"

growl@1.8.1:
  version "1.8.1"
  resolved "http://npm-registry.qunhequnhe.com/growl/download/growl-1.8.1.tgz#4b2dec8d907e93db336624dcec0183502f8c9428"

inherits@2:
  version "2.0.3"
  resolved "http://npm-registry.qunhequnhe.com/inherits/download/inherits-2.0.3.tgz#633c2c83e3da42a502f52466022480f4208261de"

jade@0.26.3:
  version "0.26.3"
  resolved "http://npm-registry.qunhequnhe.com/jade/download/jade-0.26.3.tgz#8f10d7977d8d79f2f6ff862a81b0513ccb25686c"
  dependencies:
    commander "0.6.1"
    mkdirp "0.3.0"

lru-cache@2:
  version "2.7.3"
  resolved "http://npm-registry.qunhequnhe.com/lru-cache/download/lru-cache-2.7.3.tgz#6d4524e8b955f95d4f5b58851ce21dd72fb4e952"

minimatch@~0.2.11:
  version "0.2.14"
  resolved "http://npm-registry.qunhequnhe.com/minimatch/download/minimatch-0.2.14.tgz#c74e780574f63c6f9a090e90efbe6ef53a6a756a"
  dependencies:
    lru-cache "2"
    sigmund "~1.0.0"

minimist@0.0.8:
  version "0.0.8"
  resolved "http://npm-registry.qunhequnhe.com/minimist/download/minimist-0.0.8.tgz#857fcabfc3397d2625b8228262e86aa7a011b05d"

mkdirp@0.3.0:
  version "0.3.0"
  resolved "http://npm-registry.qunhequnhe.com/mkdirp/download/mkdirp-0.3.0.tgz#1bbf5ab1ba827af23575143490426455f481fe1e"

mkdirp@0.5.0:
  version "0.5.0"
  resolved "http://npm-registry.qunhequnhe.com/mkdirp/download/mkdirp-0.5.0.tgz#1d73076a6df986cd9344e15e71fcc05a4c9abf12"
  dependencies:
    minimist "0.0.8"

mocha@2.0.1:
  version "2.0.1"
  resolved "http://npm-registry.qunhequnhe.com/mocha/download/mocha-2.0.1.tgz#5a16e88b856d0c4145d8c6888c27ebd4fab13e90"
  dependencies:
    commander "2.3.0"
    debug "2.0.0"
    diff "1.0.8"
    escape-string-regexp "1.0.2"
    glob "3.2.3"
    growl "1.8.1"
    jade "0.26.3"
    mkdirp "0.5.0"

ms@0.6.2:
  version "0.6.2"
  resolved "http://npm-registry.qunhequnhe.com/ms/download/ms-0.6.2.tgz#d89c2124c6fdc1353d65a8b77bf1aac4b193708c"

reflect-metadata@^0.1.3:
  version "0.1.10"
  resolved "http://npm-registry.qunhequnhe.com/reflect-metadata/download/reflect-metadata-0.1.10.tgz#b4f83704416acad89988c9b15635d47e03b9344a"

sigmund@~1.0.0:
  version "1.0.1"
  resolved "http://npm-registry.qunhequnhe.com/sigmund/download/sigmund-1.0.1.tgz#3ff21f198cad2175f9f3b781853fd94d0d19b590"

type-detect@0.1.1:
  version "0.1.1"
  resolved "http://npm-registry.qunhequnhe.com/type-detect/download/type-detect-0.1.1.tgz#0ba5ec2a885640e470ea4e8505971900dac58822"

typescript@^2.1.5:
  version "2.6.2"
  resolved "http://npm-registry.qunhequnhe.com/typescript/download/typescript-2.6.2.tgz#3c5b6fd7f6de0914269027f03c0946758f7673a4"
